
Microsoft Visual Studio Solution File, Format Version 12.00
# Visual Studio Version 17
VisualStudioVersion = 17.10.35013.160
MinimumVisualStudioVersion = 10.0.40219.1
Project("{FAE04EC0-301F-11D3-BF4B-00C04F79EFBC}") = "LocketImageUploader", "LocketImageUploader.csproj", "{6F276003-D5DD-44F5-9A51-CBCC509C4F8A}"
EndProject
Global
	GlobalSection(SolutionConfigurationPlatforms) = preSolution
		Debug|Any CPU = Debug|Any CPU
		Release|Any CPU = Release|Any CPU
	EndGlobalSection
	GlobalSection(ProjectConfigurationPlatforms) = postSolution
		{6F276003-D5DD-44F5-9A51-CBCC509C4F8A}.Debug|Any CPU.ActiveCfg = Debug|Any CPU
		{6F276003-D5DD-44F5-9A51-CBCC509C4F8A}.Debug|Any CPU.Build.0 = Debug|Any CPU
		{6F276003-D5DD-44F5-9A51-CBCC509C4F8A}.Release|Any CPU.ActiveCfg = Release|Any CPU
		{6F276003-D5DD-44F5-9A51-CBCC509C4F8A}.Release|Any CPU.Build.0 = Release|Any CPU
	EndGlobalSection
	GlobalSection(SolutionProperties) = preSolution
		HideSolutionNode = FALSE
	EndGlobalSection
	GlobalSection(ExtensibilityGlobals) = postSolution
		SolutionGuid = {15A23966-CDC7-446D-967E-44DAD8A75C22}
	EndGlobalSection
EndGlobal
